{
  "version": 4,
  "terraform_version": "1.15.8",
  "serial": 40,
  "lineage": "66fd8be7-4e19-2b3f-b897-59ee3c79eb6a",
  "outputs": {
    "cloud_sql_public_ip": {
      "value": "34.101.108.198",
      "type": "string"
    },
    "cluster_endpoint": {
      "value": "34.101.173.69",
      "type": "string",
      "sensitive": true
    },
    "cluster_location": {
      "value": "asia-southeast2",
      "type": "string"
    },
    "cluster_name": {
      "value": "learning-gke-cluster",
      "type": "string"
    },
    "database_name": {
      "value": "student_devops",
      "type": "string"
    },
    "database_username": {
      "value": "root",
      "type": "string"
    },
    "get_credentials_command": {
      "value": "gcloud container clusters get-credentials learning-gke-cluster --region asia-southeast2 --project project-56b2f5d2-7168-44bb-ab5",
      "type": "string"
    },
    "subnet_name": {
      "value": "learning-gke-cluster-subnet",
      "type": "string"
    },
    "vpc_name": {
      "value": "learning-gke-cluster-vpc",
      "type": "string"
    }
  },
  "resources": [
    {
      "mode": "managed",
      "type": "google_compute_firewall",
      "name": "allow_internal",
      "provider": "provider[\"registry.terraform.io/hashicorp/google\"]",
      "instances": [
        {
          "schema_version": 1,
          "attributes": {
            "allow": [
              {
                "ports": [
                  "0-65535"
                ],
                "protocol": "tcp"
              },
              {
                "ports": [
                  "0-65535"
                ],
                "protocol": "udp"
              },
              {
                "ports": [],
                "protocol": "icmp"
              }
            ],
            "creation_timestamp": "2026-08-06T03:18:44.245-07:00",
            "deletion_policy": "DELETE",
            "deny": [],
            "description": "",
            "destination_ranges": [],
            "direction": "INGRESS",
            "disabled": false,
            "enable_logging": null,
            "id": "projects/project-56b2f5d2-7168-44bb-ab5/global/firewalls/learning-gke-cluster-allow-internal",
            "log_config": [],
            "name": "learning-gke-cluster-allow-internal",
            "network": "https://www.googleapis.com/compute/v1/projects/project-56b2f5d2-7168-44bb-ab5/global/networks/learning-gke-cluster-vpc",
            "params": [],
            "priority": 1000,
            "project": "project-56b2f5d2-7168-44bb-ab5",
            "self_link": "https://www.googleapis.com/compute/v1/projects/project-56b2f5d2-7168-44bb-ab5/global/firewalls/learning-gke-cluster-allow-internal",
            "source_ranges": [
              "10.10.0.0/24",
              "10.20.0.0/16",
              "10.30.0.0/20"
            ],
            "source_service_accounts": [],
            "source_tags": [],
            "target_service_accounts": [],
            "target_tags": [],
            "timeouts": null
          },
          "sensitive_attributes": [],
          "identity_schema_version": 1,
          "identity": {
            "name": "learning-gke-cluster-allow-internal",
            "project": "project-56b2f5d2-7168-44bb-ab5"
          },
          "private": "eyJlMmJmYjczMC1lY2FhLTExZTYtOGY4OC0zNDM2M2JjN2M0YzAiOnsiY3JlYXRlIjoxMjAwMDAwMDAwMDAwLCJkZWxldGUiOjEyMDAwMDAwMDAwMDAsInVwZGF0ZSI6MTIwMDAwMDAwMDAwMH0sInNjaGVtYV92ZXJzaW9uIjoiMSJ9",
          "dependencies": [
            "google_compute_network.vpc"
          ]
        }
      ]
    },
    {
      "mode": "managed",
      "type": "google_compute_network",
      "name": "vpc",
      "provider": "provider[\"registry.terraform.io/hashicorp/google\"]",
      "instances": [
        {
          "schema_version": 0,
          "attributes": {
            "auto_create_subnetworks": false,
            "bgp_always_compare_med": false,
            "bgp_best_path_selection_mode": "LEGACY",
            "bgp_inter_region_cost": "",
            "delete_bgp_always_compare_med": false,
            "delete_default_routes_on_create": false,
            "deletion_policy": "DELETE",
            "description": "",
            "enable_ula_internal_ipv6": false,
            "gateway_ipv4": "",
            "id": "projects/project-56b2f5d2-7168-44bb-ab5/global/networks/learning-gke-cluster-vpc",
            "internal_ipv6_range": "",
            "mtu": 0,
            "name": "learning-gke-cluster-vpc",
            "network_firewall_policy_enforcement_order": "AFTER_CLASSIC_FIREWALL",
            "network_id": "8488957783601439128",
            "network_profile": "",
            "numeric_id": "8488957783601439128",
            "params": [],
            "project": "project-56b2f5d2-7168-44bb-ab5",
            "routing_mode": "REGIONAL",
            "self_link": "https://www.googleapis.com/compute/v1/projects/project-56b2f5d2-7168-44bb-ab5/global/networks/learning-gke-cluster-vpc",
            "timeouts": null
          },
          "sensitive_attributes": [],
          "identity_schema_version": 1,
          "identity": {
            "name": "learning-gke-cluster-vpc",
            "project": "project-56b2f5d2-7168-44bb-ab5"
          },
          "private": "eyJlMmJmYjczMC1lY2FhLTExZTYtOGY4OC0zNDM2M2JjN2M0YzAiOnsiY3JlYXRlIjoxMjAwMDAwMDAwMDAwLCJkZWxldGUiOjEyMDAwMDAwMDAwMDAsInVwZGF0ZSI6MTIwMDAwMDAwMDAwMH19"
        }
      ]
    },
    {
      "mode": "managed",
      "type": "google_compute_subnetwork",
      "name": "subnet",
      "provider": "provider[\"registry.terraform.io/hashicorp/google\"]",
      "instances": [
        {
          "schema_version": 0,
          "attributes": {
            "allow_subnet_cidr_routes_overlap": false,
            "creation_timestamp": "2026-08-06T03:18:44.850-07:00",
            "deletion_policy": "DELETE",
            "description": "",
            "external_ipv6_prefix": "",
            "fingerprint": null,
            "gateway_address": "10.10.0.1",
            "id": "projects/project-56b2f5d2-7168-44bb-ab5/regions/asia-southeast2/subnetworks/learning-gke-cluster-subnet",
            "internal_ipv6_prefix": "",
            "ip_cidr_range": "10.10.0.0/24",
            "ip_collection": "",
            "ipv6_access_type": "",
            "ipv6_cidr_range": "",
            "ipv6_gce_endpoint": "",
            "log_config": [],
            "name": "learning-gke-cluster-subnet",
            "network": "https://www.googleapis.com/compute/v1/projects/project-56b2f5d2-7168-44bb-ab5/global/networks/learning-gke-cluster-vpc",
            "params": [],
            "private_ip_google_access": true,
            "private_ipv6_google_access": "DISABLE_GOOGLE_ACCESS",
            "project": "project-56b2f5d2-7168-44bb-ab5",
            "purpose": "PRIVATE",
            "region": "asia-southeast2",
            "reserved_internal_range": "",
            "resolve_subnet_mask": "",
            "role": "",
            "secondary_ip_range": [
              {
                "ip_cidr_range": "10.20.0.0/16",
                "range_name": "pods-range",
                "reserved_internal_range": ""
              },
              {
                "ip_cidr_range": "10.30.0.0/20",
                "range_name": "services-range",
                "reserved_internal_range": ""
              }
            ],
            "self_link": "https://www.googleapis.com/compute/v1/projects/project-56b2f5d2-7168-44bb-ab5/regions/asia-southeast2/subnetworks/learning-gke-cluster-subnet",
            "send_secondary_ip_range_if_empty": null,
            "stack_type": "IPV4_ONLY",
            "state": "",
            "subnetwork_id": 694315873415586155,
            "timeouts": null
          },
          "sensitive_attributes": [],
          "identity_schema_version": 1,
          "identity": {
            "name": "learning-gke-cluster-subnet",
            "project": "project-56b2f5d2-7168-44bb-ab5",
            "region": "asia-southeast2"
          },
          "private": "eyJlMmJmYjczMC1lY2FhLTExZTYtOGY4OC0zNDM2M2JjN2M0YzAiOnsiY3JlYXRlIjoxMjAwMDAwMDAwMDAwLCJkZWxldGUiOjEyMDAwMDAwMDAwMDAsInVwZGF0ZSI6MTIwMDAwMDAwMDAwMH19",
          "dependencies": [
            "google_compute_network.vpc"
          ]
        }
      ]
    },
    {
      "mode": "managed",
      "type": "google_container_cluster",
      "name": "primary",
      "provider": "provider[\"registry.terraform.io/hashicorp/google\"]",
      "instances": [
        {
          "schema_version": 2,
          "attributes": {
            "addons_config": [
              {
                "agent_sandbox_config": [],
                "cloudrun_config": [],
                "config_connector_config": [],
                "dns_cache_config": [
                  {
                    "enabled": true
                  }
                ],
                "gce_persistent_disk_csi_driver_config": [
                  {
                    "enabled": true
                  }
                ],
                "gcp_filestore_csi_driver_config": [],
                "gcs_fuse_csi_driver_config": [],
                "gke_backup_agent_config": [],
                "horizontal_pod_autoscaling": [],
                "http_load_balancing": [],
                "lustre_csi_driver_config": [],
                "network_policy_config": [
                  {
                    "disabled": true
                  }
                ],
                "node_readiness_config": [
                  {
                    "enabled": false
                  }
                ],
                "parallelstore_csi_driver_config": [],
                "pod_snapshot_config": [],
                "ray_operator_config": [],
                "slice_controller_config": [],
                "slurm_operator_config": [],
                "stateful_ha_config": []
              }
            ],
            "allow_net_admin": null,
            "anonymous_authentication_config": [
              {
                "mode": "LIMITED"
              }
            ],
            "authenticator_groups_config": [],
            "autopilot_cluster_policy_config": [],
            "autopilot_privileged_admission": [],
            "binary_authorization": [
              {
                "enabled": false,
                "evaluation_mode": ""
              }
            ],
            "cluster_autoscaling": [
              {
                "auto_provisioning_defaults": [
                  {
                    "boot_disk_kms_key": "",
                    "disk_size": 0,
                    "disk_type": "",
                    "image_type": "COS_CONTAINERD",
                    "management": [
                      {
                        "auto_repair": true,
                        "auto_upgrade": true,
                        "upgrade_options": []
                      }
                    ],
                    "min_cpu_platform": "",
                    "oauth_scopes": [
                      "https://www.googleapis.com/auth/devstorage.read_only",
                      "https://www.googleapis.com/auth/logging.write",
                      "https://www.googleapis.com/auth/monitoring",
                      "https://www.googleapis.com/auth/service.management.readonly",
                      "https://www.googleapis.com/auth/servicecontrol",
                      "https://www.googleapis.com/auth/trace.append"
                    ],
                    "service_account": "default",
                    "shielded_instance_config": [],
                    "upgrade_settings": []
                  }
                ],
                "auto_provisioning_locations": [],
                "autoscaling_profile": "BALANCED",
                "default_compute_class_enabled": false,
                "enabled": false,
                "resource_limits": []
              }
            ],
            "cluster_ipv4_cidr": "10.20.0.0/16",
            "confidential_nodes": [],
            "control_plane_endpoints_config": [
              {
                "dns_endpoint_config": [
                  {
                    "allow_external_traffic": false,
                    "enable_k8s_certs_via_dns": false,
                    "enable_k8s_tokens_via_dns": false,
                    "endpoint": "gke-53ca91092feb4ae980b8a6066571f7df22a1-1087237262566.asia-southeast2.gke.goog"
                  }
                ],
                "ip_endpoints_config": [
                  {
                    "enabled": true
                  }
                ]
              }
            ],
            "cost_management_config": [],
            "database_encryption": [
              {
                "key_name": "",
                "state": "DECRYPTED"
              }
            ],
            "datapath_provider": "",
            "dataplane_optimization_mode": null,
            "default_max_pods_per_node": 110,
            "default_snat_status": [
              {
                "disabled": false
              }
            ],
            "deletion_policy": "DELETE",
            "deletion_protection": false,
            "description": "",
            "desired_emulated_version": null,
            "disable_l4_lb_firewall_reconciliation": false,
            "dns_config": [],
            "effective_labels": {
              "goog-terraform-provisioned": "true"
            },
            "emulated_version": "",
            "enable_autopilot": false,
            "enable_cilium_clusterwide_network_policy": false,
            "enable_fqdn_network_policy": false,
            "enable_intranode_visibility": false,
            "enable_k8s_beta_apis": [],
            "enable_kubernetes_alpha": false,
            "enable_l4_ilb_subsetting": false,
            "enable_legacy_abac": false,
            "enable_multi_networking": false,
            "enable_shielded_nodes": true,
            "enable_tpu": false,
            "endpoint": "34.101.173.69",
            "enterprise_config": [
              {
                "cluster_tier": "STANDARD",
                "desired_tier": ""
              }
            ],
            "fleet": [],
            "gateway_api_config": [],
            "gke_auto_upgrade_config": [],
            "id": "projects/project-56b2f5d2-7168-44bb-ab5/locations/asia-southeast2/clusters/learning-gke-cluster",
            "identity_service_config": [],
            "ignore_node_count_changes": null,
            "in_transit_encryption_config": "",
            "initial_node_count": 1,
            "ip_allocation_policy": [
              {
                "additional_ip_ranges_config": [],
                "additional_pod_ranges_config": [],
                "auto_ipam_config": [],
                "cluster_ipv4_cidr_block": "10.20.0.0/16",
                "cluster_secondary_range_name": "pods-range",
                "network_tier_config": [
                  {
                    "network_tier": "NETWORK_TIER_DEFAULT"
                  }
                ],
                "pod_cidr_overprovision_config": [
                  {
                    "disabled": false
                  }
                ],
                "services_ipv4_cidr_block": "10.30.0.0/20",
                "services_secondary_range_name": "services-range",
                "stack_type": "IPV4"
              }
            ],
            "label_fingerprint": "78cdf2f6",
            "location": "asia-southeast2",
            "logging_config": [
              {
                "enable_components": [
                  "SYSTEM_COMPONENTS",
                  "WORKLOADS"
                ]
              }
            ],
            "logging_service": "logging.googleapis.com/kubernetes",
            "maintenance_policy": [],
            "master_auth": [
              {
                "client_certificate": "",
                "client_certificate_config": [
                  {
                    "issue_client_certificate": false
                  }
                ],
                "client_key": "",
                "cluster_ca_certificate": "LS0tLS1CRUdJTiBDRVJUSUZJQ0FURS0tLS0tCk1JSUVMVENDQXBXZ0F3SUJBZ0lSQVB6VzZmbnM3Y2JlL29mZUNFcXp6Qm93RFFZSktvWklodmNOQVFFTEJRQXcKTHpFdE1Dc0dBMVVFQXhNa01UTTVORE5pT1RrdE5tTTJPQzAwT1RSbUxXRmtaREV0WmpNME16azVNbUZoT1RFMApNQ0FYRFRJMk1EZ3dOakE1TXpZd05Wb1lEekl3TlRZd056STVNVEF6TmpBMVdqQXZNUzB3S3dZRFZRUURFeVF4Ck16azBNMkk1T1MwMll6WTRMVFE1TkdZdFlXUmtNUzFtTXpRek9Ua3lZV0U1TVRRd2dnR2lNQTBHQ1NxR1NJYjMKRFFFQkFRVUFBNElCandBd2dnR0tBb0lCZ1FERlh3NXdPTHlqT0Y5RnNiUFZlWmJXM1B3S0Y0U0pnZzhCSnRWVQpWZ0l0WmpUOTNzRTQ1OVNVQlovQkpaQkJGZWQwUGdwc2ZtaTNuQVRHdS9tbGVxN2drTVQxUmxrTlAwTytBRHRzCjJ3TUtuMjhKZkVrODdGaEkyN1ZDZzZHS2pPaEFBTzQ0VnR4Mi9KR0NMVDc5ckxOcVIwMDNvKzBtN0VmdE1KdTkKaTd3YkZ4bXlUQnIxaitqMHdQbWF1T1lzZ1lCdTAvK2hIclg2RUxpNzY2enhqb1Z4SmI0YS9CWVQyYlk2d3Z4dApIbjRZT3NOM2R1MlRveDE1ZnI2RU5EZWptSHZiUXlpODNHdmJPMHlmOXVDTFZraTRoQ0h6L2tSY2dSQm5uLzhCCjFkTkdmVUZ2dzJjSUs0VElWbno0MldUbmRZTUw5V0U1VWpwaTlSTlpaK0ovV3lSNHhhbWU4QStBaW1QN244aFYKUEVsaTdFSXNxNWxYaitKZlgvYTFCUG92SjBKWmRsc01hQ0tlSUJwZG5wNGlNUlhnN29jUk9rcGprcG8xWlNJSQprVjJ2N21OTW5rZHBxSWxIN3QvcEF2eEM4NU10Q2RGak1nZE5ybG9tNW10Sks4dFN1R2xYRzFlaDJNQnQzMnZmCmM0bVcrQUgvUjNXMTVic2NrT3VIZm5RTEpjMENBd0VBQWFOQ01FQXdEZ1lEVlIwUEFRSC9CQVFEQWdJRU1BOEcKQTFVZEV3RUIvd1FGTUFNQkFmOHdIUVlEVlIwT0JCWUVGREtzNmJRU3RuT0t6c3EwRWkzcXJzVm1rSytQTUEwRwpDU3FHU0liM0RRRUJDd1VBQTRJQmdRQjJyRkEvOWlQSmZxMnF5UDMxUXl6RDNLdUx3L1F1Q1k1bWlUSWpsZS9XCkt2S1FLTG0xUG1PeGZnQXlCdWJaRmlWSXRFY3A0LzllTldFQkdYRHM4dVFmWXJRWFRVUkZFSWJIcjdrTVRpaWMKa21pcDFKRXpkRTJNbkhwL3FZSVRDV3QyMW5FZllGNW5MZ1VBTERMUXhucTNxd3dZc2dHU014MG1TSnB6ZUkvTgozUjNoZzFNZWNQOXhhd2hMbE9iYkMzK1NTNDR5cmlBUzRKLys0Rmt3Mjk5MFA2MmpJNERaVk1SNjBBMDBVdjRyClVUbG1hTjN4TVRrZXBVSVNXbWhaZWc1YmNkUlNrVW1aN1V0R01BQm1uTDRwOG9RVW9iRlNwNm5ZZHdLTHRaSmEKUVV2cVRyYXFudXV5dm5yYkZQUUVHb0l6ZUZoQkZTQXdYM1BMZVArMk5nNGhVT2p5MFlVeDgzSFhDTU8xODhlegpWNVkvNStpd2cvYjN4RXNLV2FLK0xzcjgzWUlYQWhiNGE4S2ppYWx3WjlSR09FdnZ2WFhnblhZM1dVR1Z2SFVICjFzaXNQUXBMT2FwMmRaVFVZUUZaZXpWUzB2K2hNSThsYWhWc2VZdFg4ZDNFT0ZzOVk1Y2d5dm9ZL3BaTFVsZ1YKeUxiNWlKVlpHM3dtT0RDZFVrdzlNYWs9Ci0tLS0tRU5EIENFUlRJRklDQVRFLS0tLS0K"
              }
            ],
            "master_authorized_networks_config": [],
            "master_version": "1.35.6-gke.1250000",
            "mesh_certificates": [],
            "min_master_version": null,
            "monitoring_config": [
              {
                "advanced_datapath_observability_config": [
                  {
                    "enable_metrics": false,
                    "enable_relay": false
                  }
                ],
                "enable_components": [
                  "SYSTEM_COMPONENTS",
                  "STORAGE",
                  "HPA",
                  "POD",
                  "DAEMONSET",
                  "DEPLOYMENT",
                  "STATEFULSET",
                  "CADVISOR",
                  "KUBELET",
                  "DCGM",
                  "JOBSET"
                ],
                "managed_prometheus": [
                  {
                    "auto_monitoring_config": [],
                    "enabled": true
                  }
                ]
              }
            ],
            "monitoring_service": "monitoring.googleapis.com/kubernetes",
            "name": "learning-gke-cluster",
            "network": "projects/project-56b2f5d2-7168-44bb-ab5/global/networks/learning-gke-cluster-vpc",
            "network_performance_config": [],
            "network_policy": [
              {
                "enabled": false,
                "provider": "PROVIDER_UNSPECIFIED"
              }
            ],
            "networking_mode": "VPC_NATIVE",
            "node_config": [
              {
                "advanced_machine_features": [],
                "boot_disk": [
                  {
                    "disk_type": "pd-standard",
                    "provisioned_iops": 0,
                    "provisioned_throughput": 0,
                    "size_gb": 20
                  }
                ],
                "boot_disk_kms_key": "",
                "confidential_nodes": [],
                "containerd_config": [],
                "disk_size_gb": 20,
                "disk_type": "pd-standard",
                "effective_taints": [],
                "enable_confidential_storage": false,
                "ephemeral_storage_local_ssd_config": [],
                "fast_socket": [],
                "flex_start": false,
                "gcfs_config": [],
                "gpudirect_strategy": "",
                "guest_accelerator": [],
                "gvnic": [],
                "host_maintenance_policy": [],
                "image_type": "COS_CONTAINERD",
                "kubelet_config": [
                  {
                    "allowed_unsafe_sysctls": [],
                    "container_log_max_files": 0,
                    "container_log_max_size": "",
                    "cpu_cfs_quota": false,
                    "cpu_cfs_quota_period": "",
                    "cpu_manager_policy": "",
                    "crash_loop_back_off": [],
                    "eviction_max_pod_grace_period_seconds": 0,
                    "eviction_minimum_reclaim": [],
                    "eviction_soft": [],
                    "eviction_soft_grace_period": [],
                    "image_gc_high_threshold_percent": 0,
                    "image_gc_low_threshold_percent": 0,
                    "image_maximum_gc_age": "",
                    "image_minimum_gc_age": "",
                    "insecure_kubelet_readonly_port_enabled": "FALSE",
                    "max_parallel_image_pulls": 2,
                    "memory_manager": [],
                    "pod_pids_limit": 0,
                    "shutdown_grace_period_critical_pods_seconds": 0,
                    "shutdown_grace_period_seconds": 0,
                    "single_process_oom_kill": false,
                    "topology_manager": []
                  }
                ],
                "labels": {
                  "env": "learning"
                },
                "linux_node_config": [],
                "local_nvme_ssd_block_config": [],
                "local_ssd_count": 0,
                "local_ssd_encryption_mode": "",
                "logging_variant": "DEFAULT",
                "machine_type": "e2-medium",
                "max_run_duration": "",
                "metadata": {
                  "disable-legacy-endpoints": "true"
                },
                "min_cpu_platform": "",
                "node_group": "",
                "node_image_config": [
                  {
                    "image": "gke-1356-gke1250000-cos-125-19216-395-109-c-pre",
                    "image_project": "gke-node-images"
                  }
                ],
                "oauth_scopes": [
                  "https://www.googleapis.com/auth/cloud-platform"
                ],
                "preemptible": false,
                "reservation_affinity": [],
                "resource_labels": {
                  "goog-gke-node-pool-provisioning-model": "on-demand"
                },
                "resource_manager_tags": {},
                "sandbox_config": [],
                "secondary_boot_disks": [],
                "service_account": "default",
                "shielded_instance_config": [
                  {
                    "enable_integrity_monitoring": true,
                    "enable_secure_boot": false
                  }
                ],
                "sole_tenant_config": [],
                "spot": false,
                "storage_pools": [],
                "tags": [
                  "gke-node",
                  "learning-gke-cluster-node"
                ],
                "taint": [],
                "taint_config": [],
                "windows_node_config": [
                  {
                    "osversion": ""
                  }
                ],
                "workload_metadata_config": []
              }
            ],
            "node_creation_config": [
              {
                "node_creation_mode": "VIA_KUBELET"
              }
            ],
            "node_locations": [
              "asia-southeast2-a",
              "asia-southeast2-b",
              "asia-southeast2-c"
            ],
            "node_pool": [
              {
                "autoscaling": [
                  {
                    "location_policy": "BALANCED",
                    "max_node_count": 2,
                    "min_node_count": 1,
                    "total_max_node_count": 0,
                    "total_min_node_count": 0
                  }
                ],
                "ignore_node_count_changes": false,
                "initial_node_count": 1,
                "instance_group_urls": [
                  "https://www.googleapis.com/compute/v1/projects/project-56b2f5d2-7168-44bb-ab5/zones/asia-southeast2-a/instanceGroupManagers/gke-learning-gke-clu-learning-gke-clu-5504576c-grp",
                  "https://www.googleapis.com/compute/v1/projects/project-56b2f5d2-7168-44bb-ab5/zones/asia-southeast2-b/instanceGroupManagers/gke-learning-gke-clu-learning-gke-clu-3e0f0fc6-grp",
                  "https://www.googleapis.com/compute/v1/projects/project-56b2f5d2-7168-44bb-ab5/zones/asia-southeast2-c/instanceGroupManagers/gke-learning-gke-clu-learning-gke-clu-836a74a8-grp"
                ],
                "maintenance_policy": [],
                "managed_instance_group_urls": [
                  "https://www.googleapis.com/compute/v1/projects/project-56b2f5d2-7168-44bb-ab5/zones/asia-southeast2-a/instanceGroups/gke-learning-gke-clu-learning-gke-clu-5504576c-grp",
                  "https://www.googleapis.com/compute/v1/projects/project-56b2f5d2-7168-44bb-ab5/zones/asia-southeast2-b/instanceGroups/gke-learning-gke-clu-learning-gke-clu-3e0f0fc6-grp",
                  "https://www.googleapis.com/compute/v1/projects/project-56b2f5d2-7168-44bb-ab5/zones/asia-southeast2-c/instanceGroups/gke-learning-gke-clu-learning-gke-clu-836a74a8-grp"
                ],
                "management": [
                  {
                    "auto_repair": true,
                    "auto_upgrade": true
                  }
                ],
                "max_pods_per_node": 110,
                "name": "learning-gke-cluster-node-pool",
                "name_prefix": "",
                "network_config": [
                  {
                    "accelerator_network_profile": "",
                    "additional_node_network_configs": [],
                    "additional_pod_network_configs": [],
                    "create_pod_range": false,
                    "enable_private_nodes": false,
                    "network_performance_config": [],
                    "pod_cidr_overprovision_config": [],
                    "pod_ipv4_cidr_block": "10.20.0.0/16",
                    "pod_range": "pods-range",
                    "subnetwork": "projects/project-56b2f5d2-7168-44bb-ab5/regions/asia-southeast2/subnetworks/learning-gke-cluster-subnet"
                  }
                ],
                "node_config": [
                  {
                    "advanced_machine_features": [],
                    "boot_disk": [
                      {
                        "disk_type": "pd-standard",
                        "provisioned_iops": 0,
                        "provisioned_throughput": 0,
                        "size_gb": 20
                      }
                    ],
                    "boot_disk_kms_key": "",
                    "confidential_nodes": [],
                    "containerd_config": [],
                    "disk_size_gb": 20,
                    "disk_type": "pd-standard",
                    "effective_taints": [],
                    "enable_confidential_storage": false,
                    "ephemeral_storage_local_ssd_config": [],
                    "fast_socket": [],
                    "flex_start": false,
                    "gcfs_config": [],
                    "gpudirect_strategy": "",
                    "guest_accelerator": [],
                    "gvnic": [],
                    "host_maintenance_policy": [],
                    "image_type": "COS_CONTAINERD",
                    "kubelet_config": [
                      {
                        "allowed_unsafe_sysctls": [],
                        "container_log_max_files": 0,
                        "container_log_max_size": "",
                        "cpu_cfs_quota": false,
                        "cpu_cfs_quota_period": "",
                        "cpu_manager_policy": "",
                        "crash_loop_back_off": [],
                        "eviction_max_pod_grace_period_seconds": 0,
                        "eviction_minimum_reclaim": [],
                        "eviction_soft": [],
                        "eviction_soft_grace_period": [],
                        "image_gc_high_threshold_percent": 0,
                        "image_gc_low_threshold_percent": 0,
                        "image_maximum_gc_age": "",
                        "image_minimum_gc_age": "",
                        "insecure_kubelet_readonly_port_enabled": "FALSE",
                        "max_parallel_image_pulls": 2,
                        "memory_manager": [],
                        "pod_pids_limit": 0,
                        "shutdown_grace_period_critical_pods_seconds": 0,
                        "shutdown_grace_period_seconds": 0,
                        "single_process_oom_kill": false,
                        "topology_manager": []
                      }
                    ],
                    "labels": {
                      "env": "learning"
                    },
                    "linux_node_config": [],
                    "local_nvme_ssd_block_config": [],
                    "local_ssd_count": 0,
                    "local_ssd_encryption_mode": "",
                    "logging_variant": "DEFAULT",
                    "machine_type": "e2-medium",
                    "max_run_duration": "",
                    "metadata": {
                      "disable-legacy-endpoints": "true"
                    },
                    "min_cpu_platform": "",
                    "node_group": "",
                    "node_image_config": [
                      {
                        "image": "gke-1356-gke1250000-cos-125-19216-395-109-c-pre",
                        "image_project": "gke-node-images"
                      }
                    ],
                    "oauth_scopes": [
                      "https://www.googleapis.com/auth/cloud-platform"
                    ],
                    "preemptible": false,
                    "reservation_affinity": [],
                    "resource_labels": {
                      "goog-gke-node-pool-provisioning-model": "on-demand"
                    },
                    "resource_manager_tags": {},
                    "sandbox_config": [],
                    "secondary_boot_disks": [],
                    "service_account": "default",
                    "shielded_instance_config": [
                      {
                        "enable_integrity_monitoring": true,
                        "enable_secure_boot": false
                      }
                    ],
                    "sole_tenant_config": [],
                    "spot": false,
                    "storage_pools": [],
                    "tags": [
                      "gke-node",
                      "learning-gke-cluster-node"
                    ],
                    "taint": [],
                    "taint_config": [],
                    "windows_node_config": [
                      {
                        "osversion": ""
                      }
                    ],
                    "workload_metadata_config": []
                  }
                ],
                "node_count": 1,
                "node_drain_config": [],
                "node_locations": [
                  "asia-southeast2-a",
                  "asia-southeast2-b",
                  "asia-southeast2-c"
                ],
                "placement_policy": [],
                "queued_provisioning": [],
                "upgrade_settings": [
                  {
                    "blue_green_settings": [],
                    "max_surge": 1,
                    "max_unavailable": 0,
                    "strategy": "SURGE"
                  }
                ],
                "version": "1.35.6-gke.1250000"
              }
            ],
            "node_pool_auto_config": [
              {
                "linux_node_config": [],
                "network_tags": [],
                "node_kubelet_config": [
                  {
                    "insecure_kubelet_readonly_port_enabled": "FALSE"
                  }
                ],
                "resource_manager_tags": {}
              }
            ],
            "node_pool_defaults": [
              {
                "node_config_defaults": [
                  {
                    "containerd_config": [],
                    "gcfs_config": [],
                    "insecure_kubelet_readonly_port_enabled": "FALSE",
                    "logging_variant": "DEFAULT"
                  }
                ]
              }
            ],
            "node_version": "1.35.6-gke.1250000",
            "notification_config": [
              {
                "pubsub": [
                  {
                    "enabled": false,
                    "filter": [],
                    "topic": ""
                  }
                ]
              }
            ],
            "operation": null,
            "pod_autoscaling": [
              {
                "hpa_profile": "PERFORMANCE"
              }
            ],
            "private_cluster_config": [
              {
                "enable_private_endpoint": false,
                "enable_private_nodes": false,
                "master_global_access_config": [
                  {
                    "enabled": false
                  }
                ],
                "master_ipv4_cidr_block": "",
                "peering_name": "",
                "private_endpoint": "10.10.0.6",
                "private_endpoint_subnetwork": "",
                "public_endpoint": "34.101.173.69"
              }
            ],
            "private_ipv6_google_access": "",
            "project": "project-56b2f5d2-7168-44bb-ab5",
            "rbac_binding_config": [
              {
                "enable_insecure_binding_system_authenticated": true,
                "enable_insecure_binding_system_unauthenticated": true
              }
            ],
            "release_channel": [
              {
                "channel": "REGULAR"
              }
            ],
            "remove_default_node_pool": true,
            "resource_labels": {},
            "resource_usage_export_config": [],
            "rollback_safe_upgrade": [],
            "secret_manager_config": [
              {
                "enabled": false,
                "rotation_config": []
              }
            ],
            "secret_sync_config": [
              {
                "enabled": false,
                "rotation_config": []
              }
            ],
            "security_posture_config": [
              {
                "mode": "BASIC",
                "vulnerability_mode": "VULNERABILITY_MODE_UNSPECIFIED"
              }
            ],
            "self_link": "https://container.googleapis.com/v1/projects/project-56b2f5d2-7168-44bb-ab5/locations/asia-southeast2/clusters/learning-gke-cluster",
            "service_external_ips_config": [
              {
                "enabled": false
              }
            ],
            "services_ipv4_cidr": "10.30.0.0/20",
            "skip_node_pool_refresh": null,
            "subnetwork": "projects/project-56b2f5d2-7168-44bb-ab5/regions/asia-southeast2/subnetworks/learning-gke-cluster-subnet",
            "terraform_labels": {
              "goog-terraform-provisioned": "true"
            },
            "timeouts": null,
            "tpu_ipv4_cidr_block": "",
            "user_managed_keys_config": [],
            "vertical_pod_autoscaling": [],
            "workload_identity_config": []
          },
          "sensitive_attributes": [
            [
              {
                "type": "get_attr",
                "value": "master_auth"
              },
              {
                "type": "index",
                "value": {
                  "value": 0,
                  "type": "number"
                }
              },
              {
                "type": "get_attr",
                "value": "client_key"
              }
            ]
          ],
          "identity_schema_version": 0,
          "private": "eyJlMmJmYjczMC1lY2FhLTExZTYtOGY4OC0zNDM2M2JjN2M0YzAiOnsiY3JlYXRlIjo1NDAwMDAwMDAwMDAwLCJkZWxldGUiOjU0MDAwMDAwMDAwMDAsInJlYWQiOjU0MDAwMDAwMDAwMDAsInVwZGF0ZSI6NTQwMDAwMDAwMDAwMH0sInNjaGVtYV92ZXJzaW9uIjoiMiJ9",
          "dependencies": [
            "google_compute_network.vpc",
            "google_compute_subnetwork.subnet"
          ]
        }
      ]
    },
    {
      "mode": "managed",
      "type": "google_container_node_pool",
      "name": "primary_nodes",
      "provider": "provider[\"registry.terraform.io/hashicorp/google\"]",
      "instances": [
        {
          "schema_version": 1,
          "attributes": {
            "autoscaling": [
              {
                "location_policy": "BALANCED",
                "max_node_count": 2,
                "min_node_count": 1,
                "total_max_node_count": 0,
                "total_min_node_count": 0
              }
            ],
            "cluster": "learning-gke-cluster",
            "deletion_policy": "DELETE",
            "id": "projects/project-56b2f5d2-7168-44bb-ab5/locations/asia-southeast2/clusters/learning-gke-cluster/nodePools/learning-gke-cluster-node-pool",
            "ignore_node_count_changes": null,
            "initial_node_count": 1,
            "instance_group_urls": [
              "https://www.googleapis.com/compute/v1/projects/project-56b2f5d2-7168-44bb-ab5/zones/asia-southeast2-a/instanceGroupManagers/gke-learning-gke-clu-learning-gke-clu-5504576c-grp",
              "https://www.googleapis.com/compute/v1/projects/project-56b2f5d2-7168-44bb-ab5/zones/asia-southeast2-b/instanceGroupManagers/gke-learning-gke-clu-learning-gke-clu-3e0f0fc6-grp",
              "https://www.googleapis.com/compute/v1/projects/project-56b2f5d2-7168-44bb-ab5/zones/asia-southeast2-c/instanceGroupManagers/gke-learning-gke-clu-learning-gke-clu-836a74a8-grp"
            ],
            "location": "asia-southeast2",
            "maintenance_policy": [],
            "managed_instance_group_urls": [
              "https://www.googleapis.com/compute/v1/projects/project-56b2f5d2-7168-44bb-ab5/zones/asia-southeast2-a/instanceGroups/gke-learning-gke-clu-learning-gke-clu-5504576c-grp",
              "https://www.googleapis.com/compute/v1/projects/project-56b2f5d2-7168-44bb-ab5/zones/asia-southeast2-b/instanceGroups/gke-learning-gke-clu-learning-gke-clu-3e0f0fc6-grp",
              "https://www.googleapis.com/compute/v1/projects/project-56b2f5d2-7168-44bb-ab5/zones/asia-southeast2-c/instanceGroups/gke-learning-gke-clu-learning-gke-clu-836a74a8-grp"
            ],
            "management": [
              {
                "auto_repair": true,
                "auto_upgrade": true
              }
            ],
            "max_pods_per_node": 110,
            "name": "learning-gke-cluster-node-pool",
            "name_prefix": "",
            "network_config": [
              {
                "accelerator_network_profile": "",
                "additional_node_network_configs": [],
                "additional_pod_network_configs": [],
                "create_pod_range": false,
                "enable_private_nodes": false,
                "network_performance_config": [],
                "pod_cidr_overprovision_config": [],
                "pod_ipv4_cidr_block": "10.20.0.0/16",
                "pod_range": "pods-range",
                "subnetwork": "projects/project-56b2f5d2-7168-44bb-ab5/regions/asia-southeast2/subnetworks/learning-gke-cluster-subnet"
              }
            ],
            "node_config": [
              {
                "advanced_machine_features": [],
                "boot_disk": [
                  {
                    "disk_type": "pd-standard",
                    "provisioned_iops": 0,
                    "provisioned_throughput": 0,
                    "size_gb": 20
                  }
                ],
                "boot_disk_kms_key": "",
                "confidential_nodes": [],
                "containerd_config": [],
                "disk_size_gb": 20,
                "disk_type": "pd-standard",
                "effective_taints": [],
                "enable_confidential_storage": false,
                "ephemeral_storage_local_ssd_config": [],
                "fast_socket": [],
                "flex_start": false,
                "gcfs_config": [],
                "gpudirect_strategy": "",
                "guest_accelerator": [],
                "gvnic": [],
                "host_maintenance_policy": [],
                "image_type": "COS_CONTAINERD",
                "kubelet_config": [
                  {
                    "allowed_unsafe_sysctls": [],
                    "container_log_max_files": 0,
                    "container_log_max_size": "",
                    "cpu_cfs_quota": false,
                    "cpu_cfs_quota_period": "",
                    "cpu_manager_policy": "",
                    "crash_loop_back_off": [],
                    "eviction_max_pod_grace_period_seconds": 0,
                    "eviction_minimum_reclaim": [],
                    "eviction_soft": [],
                    "eviction_soft_grace_period": [],
                    "image_gc_high_threshold_percent": 0,
                    "image_gc_low_threshold_percent": 0,
                    "image_maximum_gc_age": "",
                    "image_minimum_gc_age": "",
                    "insecure_kubelet_readonly_port_enabled": "FALSE",
                    "max_parallel_image_pulls": 2,
                    "memory_manager": [],
                    "pod_pids_limit": 0,
                    "shutdown_grace_period_critical_pods_seconds": 0,
                    "shutdown_grace_period_seconds": 0,
                    "single_process_oom_kill": false,
                    "topology_manager": []
                  }
                ],
                "labels": {
                  "env": "learning"
                },
                "linux_node_config": [],
                "local_nvme_ssd_block_config": [],
                "local_ssd_count": 0,
                "local_ssd_encryption_mode": "",
                "logging_variant": "DEFAULT",
                "machine_type": "e2-medium",
                "max_run_duration": "",
                "metadata": {
                  "disable-legacy-endpoints": "true"
                },
                "min_cpu_platform": "",
                "node_group": "",
                "node_image_config": [
                  {
                    "image": "gke-1356-gke1250000-cos-125-19216-395-109-c-pre",
                    "image_project": "gke-node-images"
                  }
                ],
                "oauth_scopes": [
                  "https://www.googleapis.com/auth/cloud-platform"
                ],
                "preemptible": false,
                "reservation_affinity": [],
                "resource_labels": {
                  "goog-gke-node-pool-provisioning-model": "on-demand"
                },
                "resource_manager_tags": {},
                "sandbox_config": [],
                "secondary_boot_disks": [],
                "service_account": "default",
                "shielded_instance_config": [
                  {
                    "enable_integrity_monitoring": true,
                    "enable_secure_boot": false
                  }
                ],
                "sole_tenant_config": [],
                "spot": false,
                "storage_pools": [],
                "tags": [
                  "gke-node",
                  "learning-gke-cluster-node"
                ],
                "taint": [],
                "taint_config": [],
                "windows_node_config": [
                  {
                    "osversion": ""
                  }
                ],
                "workload_metadata_config": []
              }
            ],
            "node_count": 1,
            "node_drain_config": [],
            "node_locations": [
              "asia-southeast2-a",
              "asia-southeast2-b",
              "asia-southeast2-c"
            ],
            "operation": null,
            "placement_policy": [],
            "project": "project-56b2f5d2-7168-44bb-ab5",
            "queued_provisioning": [],
            "timeouts": null,
            "upgrade_settings": [
              {
                "blue_green_settings": [],
                "max_surge": 1,
                "max_unavailable": 0,
                "strategy": "SURGE"
              }
            ],
            "version": "1.35.6-gke.1250000"
          },
          "sensitive_attributes": [],
          "identity_schema_version": 0,
          "private": "eyJlMmJmYjczMC1lY2FhLTExZTYtOGY4OC0zNDM2M2JjN2M0YzAiOnsiY3JlYXRlIjo3MjAwMDAwMDAwMDAwLCJkZWxldGUiOjcyMDAwMDAwMDAwMDAsInVwZGF0ZSI6NzIwMDAwMDAwMDAwMH0sInNjaGVtYV92ZXJzaW9uIjoiMSJ9",
          "dependencies": [
            "google_compute_network.vpc",
            "google_compute_subnetwork.subnet",
            "google_container_cluster.primary"
          ]
        }
      ]
    },
    {
      "mode": "managed",
      "type": "google_sql_database",
      "name": "database",
      "provider": "provider[\"registry.terraform.io/hashicorp/google\"]",
      "instances": [
        {
          "schema_version": 0,
          "attributes": {
            "charset": "utf8mb4",
            "collation": "utf8mb4_0900_ai_ci",
            "deletion_policy": "DELETE",
            "id": "projects/project-56b2f5d2-7168-44bb-ab5/instances/laravel-mysql/databases/student_devops",
            "instance": "laravel-mysql",
            "name": "student_devops",
            "project": "project-56b2f5d2-7168-44bb-ab5",
            "self_link": "https://sqladmin.googleapis.com/sql/v1beta4/projects/project-56b2f5d2-7168-44bb-ab5/instances/laravel-mysql/databases/student_devops",
            "timeouts": null
          },
          "sensitive_attributes": [],
          "identity_schema_version": 1,
          "identity": {
            "instance": "laravel-mysql",
            "name": "student_devops",
            "project": "project-56b2f5d2-7168-44bb-ab5"
          },
          "private": "eyJlMmJmYjczMC1lY2FhLTExZTYtOGY4OC0zNDM2M2JjN2M0YzAiOnsiY3JlYXRlIjoxMjAwMDAwMDAwMDAwLCJkZWxldGUiOjEyMDAwMDAwMDAwMDAsInVwZGF0ZSI6MTIwMDAwMDAwMDAwMH19",
          "dependencies": [
            "google_sql_database_instance.mysql"
          ]
        }
      ]
    },
    {
      "mode": "managed",
      "type": "google_sql_database_instance",
      "name": "mysql",
      "provider": "provider[\"registry.terraform.io/hashicorp/google\"]",
      "instances": [
        {
          "schema_version": 0,
          "attributes": {
            "available_maintenance_versions": [],
            "backupdr_backup": null,
            "clone": [],
            "connection_name": "project-56b2f5d2-7168-44bb-ab5:asia-southeast2:laravel-mysql",
            "database_version": "MYSQL_8_0",
            "deletion_policy": "DELETE",
            "deletion_protection": false,
            "dns_name": "",
            "dns_names": [],
            "encryption_key_name": null,
            "enforce_new_sql_network_architecture": true,
            "final_backup_description": null,
            "first_ip_address": "34.101.108.198",
            "id": "laravel-mysql",
            "include_replicas_for_major_version_upgrade": null,
            "instance_type": "CLOUD_SQL_INSTANCE",
            "ip_address": [
              {
                "ip_address": "34.101.108.198",
                "time_to_retire": "",
                "type": "PRIMARY"
              }
            ],
            "maintenance_version": "MYSQL_8_0_45.R20260320.00_20",
            "master_instance_name": "",
            "name": "laravel-mysql",
            "node_count": 0,
            "point_in_time_restore_context": [],
            "private_ip_address": "",
            "project": "project-56b2f5d2-7168-44bb-ab5",
            "psc_service_attachment_link": "",
            "public_ip_address": "34.101.108.198",
            "region": "asia-southeast2",
            "replica_configuration": [],
            "replica_names": [],
            "replication_cluster": [
              {
                "dr_replica": false,
                "failover_dr_replica_name": "",
                "psa_write_endpoint": ""
              }
            ],
            "restore_backup_context": [],
            "root_password": null,
            "root_password_wo": null,
            "root_password_wo_version": null,
            "self_link": "https://sqladmin.googleapis.com/sql/v1beta4/projects/project-56b2f5d2-7168-44bb-ab5/instances/laravel-mysql",
            "server_ca_cert": [
              {
                "cert": "-----BEGIN CERTIFICATE-----\nMIIDcTCCAlmgAwIBAgIBADANBgkqhkiG9w0BAQsFADBwMS0wKwYDVQQuEyQyOThj\nZmNhMi01MDJmLTRmNjAtOGU2NS05ZWFjNjYwMjM2YzIxHDAaBgNVBAMTE0Nsb3Vk\nIFNRTCBTZXJ2ZXIgQ0ExFDASBgNVBAoTC0dvb2dsZSwgSW5jMQswCQYDVQQGEwJV\nUzAeFw0yNjA4MDcxMjI5MDRaFw0zNjA4MDQxMjMwMDRaMHAxLTArBgNVBC4TJDI5\nOGNmY2EyLTUwMmYtNGY2MC04ZTY1LTllYWM2NjAyMzZjMjEcMBoGA1UEAxMTQ2xv\ndWQgU1FMIFNlcnZlciBDQTEUMBIGA1UEChMLR29vZ2xlLCBJbmMxCzAJBgNVBAYT\nAlVTMIIBIjANBgkqhkiG9w0BAQEFAAOCAQ8AMIIBCgKCAQEAywF5u71sl80cEvw6\njhk7B3XDkfnueamC92gRsUmwOjJLk1MfBhdUupdrX4Dm+CP/Z6gOceSHck11mj8c\n1CegRaS3H1shKcbvTapg5pd1Ef+EOfG0aPuFDJ+fVBJGGvQdogWsTni4XtYTzon3\ntAPN15e2AIdk+ap8rSBAdGTEho1EtgMrFjOVZ39PLKWWCBL6AbUOMsr5ZUpha4on\nproQdNnoaThQYKNc/QLGuwFYbuTUQtYI9bzBZsshop7QMPxkrRoho6l88ppm0OTo\ntl75ALA/jRVmVHjDchnrjWS1QuR+iRhbFdy9nOcAotBIKy31jeW3MGrIM4IlpNWi\nyD+SQQIDAQABoxYwFDASBgNVHRMBAf8ECDAGAQH/AgEAMA0GCSqGSIb3DQEBCwUA\nA4IBAQDDpCUNaTqi+imBqvWACbH/32ARTGciMX+If+Ri+5iCgofk5FXXk0E918DR\n+rGGa02yoLZHGohVXn8dsL3nIJouEN8jv1QAz99QvctOoAe20cBUhrENz3JL6Flr\nY7s8sIpZDMxWM1t1h2i3tygREdUC5aYbM78UxB3859B1tJlQD1FuXJFvLUQxH6Xe\nqWeLWfnTMqgypFhDu85OoeeCLebXoxYKPdVWf0ohwsOkv8XpdqX9N5M9z00LQ3VM\nCnIqAyzmBdWijN3LOeaNEa481y0MlINqxD0Y8IiQFTC+b5GceGIxZru8PcoBN4d7\nb9Ab0IViBhine5D1DiGE3M/fGayv\n-----END CERTIFICATE-----",
                "common_name": "C=US,O=Google\\, Inc,CN=Cloud SQL Server CA,dnQualifier=298cfca2-502f-4f60-8e65-9eac660236c2",
                "create_time": "2026-08-07T12:29:04.769Z",
                "expiration_time": "2036-08-04T12:30:04.769Z",
                "sha1_fingerprint": "fad16a7c1625179882261f11174b48035c043d2c"
              }
            ],
            "service_account_email_address": "p1087237262566-3enj01@gcp-sa-cloud-sql.iam.gserviceaccount.com",
            "settings": [
              {
                "activation_policy": "ALWAYS",
                "active_directory_config": [],
                "advanced_machine_features": [],
                "auto_upgrade_enabled": false,
                "availability_type": "ZONAL",
                "backup_configuration": [
                  {
                    "backup_retention_settings": [
                      {
                        "retained_backups": 7,
                        "retention_unit": "COUNT"
                      }
                    ],
                    "backup_tier": "STANDARD",
                    "binary_log_enabled": false,
                    "enabled": true,
                    "location": "",
                    "point_in_time_recovery_enabled": false,
                    "start_time": "06:00",
                    "transaction_log_retention_days": 7
                  }
                ],
                "collation": "",
                "connection_pool_config": [],
                "connector_enforcement": "NOT_REQUIRED",
                "data_api_access": "",
                "data_cache_config": [
                  {
                    "data_cache_enabled": false
                  }
                ],
                "data_disk_provisioned_iops": 0,
                "data_disk_provisioned_throughput": 0,
                "database_flags": [],
                "deletion_protection_enabled": false,
                "deny_maintenance_period": [],
                "disk_autoresize": true,
                "disk_autoresize_limit": 0,
                "disk_size": 20,
                "disk_type": "PD_SSD",
                "edition": "ENTERPRISE",
                "effective_availability_type": "ZONAL",
                "enable_dataplex_integration": false,
                "enable_google_ml_integration": false,
                "entraid_config": [],
                "final_backup_config": [],
                "insights_config": [],
                "ip_configuration": [
                  {
                    "allocated_ip_range": "",
                    "authorized_networks": [],
                    "custom_subject_alternative_names": null,
                    "enable_private_path_for_google_cloud_services": false,
                    "ipv4_enabled": true,
                    "private_network": "",
                    "psc_config": [],
                    "server_ca_mode": "GOOGLE_MANAGED_INTERNAL_CA",
                    "server_ca_pool": "",
                    "server_certificate_rotation_mode": "SERVER_CERTIFICATE_ROTATION_MODE_UNSPECIFIED",
                    "ssl_mode": "ALLOW_UNENCRYPTED_AND_ENCRYPTED"
                  }
                ],
                "location_preference": [
                  {
                    "follow_gae_application": "",
                    "secondary_zone": "",
                    "zone": "asia-southeast2-b"
                  }
                ],
                "maintenance_window": [],
                "password_validation_policy": [],
                "pricing_plan": "PER_USE",
                "read_pool_auto_scale_config": [
                  {
                    "disable_scale_in": false,
                    "enabled": false,
                    "max_node_count": 0,
                    "min_node_count": 0,
                    "scale_in_cooldown_seconds": 0,
                    "scale_out_cooldown_seconds": 0,
                    "target_metrics": []
                  }
                ],
                "retain_backups_on_delete": false,
                "sql_server_audit_config": [],
                "tier": "db-f1-micro",
                "time_zone": "",
                "user_labels": {},
                "version": 1
              }
            ],
            "switch_transaction_logs_to_cloud_storage_enabled": null,
            "timeouts": null
          },
          "sensitive_attributes": [
            [
              {
                "type": "get_attr",
                "value": "root_password"
              }
            ],
            [
              {
                "type": "get_attr",
                "value": "server_ca_cert"
              }
            ]
          ],
          "identity_schema_version": 0,
          "private": "eyJlMmJmYjczMC1lY2FhLTExZTYtOGY4OC0zNDM2M2JjN2M0YzAiOnsiY3JlYXRlIjo1NDAwMDAwMDAwMDAwLCJkZWxldGUiOjU0MDAwMDAwMDAwMDAsInVwZGF0ZSI6NTQwMDAwMDAwMDAwMH19"
        }
      ]
    },
    {
      "mode": "managed",
      "type": "google_sql_user",
      "name": "laravel",
      "provider": "provider[\"registry.terraform.io/hashicorp/google\"]",
      "instances": [
        {
          "schema_version": 1,
          "attributes": {
            "database_roles": null,
            "deletion_policy": "DELETE",
            "host": "",
            "iam_email": "",
            "id": "root//laravel-mysql",
            "instance": "laravel-mysql",
            "name": "root",
            "password": "Password123!",
            "password_policy": [],
            "password_wo": null,
            "password_wo_version": null,
            "project": "project-56b2f5d2-7168-44bb-ab5",
            "sql_server_user_details": [],
            "timeouts": null,
            "type": ""
          },
          "sensitive_attributes": [
            [
              {
                "type": "get_attr",
                "value": "password"
              }
            ]
          ],
          "identity_schema_version": 1,
          "identity": {
            "host": "",
            "instance": "laravel-mysql",
            "name": "root",
            "project": "project-56b2f5d2-7168-44bb-ab5"
          },
          "private": "eyJlMmJmYjczMC1lY2FhLTExZTYtOGY4OC0zNDM2M2JjN2M0YzAiOnsiY3JlYXRlIjo2MDAwMDAwMDAwMDAsImRlbGV0ZSI6NjAwMDAwMDAwMDAwLCJ1cGRhdGUiOjYwMDAwMDAwMDAwMH0sInNjaGVtYV92ZXJzaW9uIjoiMSJ9",
          "dependencies": [
            "google_sql_database_instance.mysql"
          ]
        }
      ]
    }
  ],
  "check_results": null
}
